
Microsoft Visual Studio Solution File, Format Version 12.00
# Visual Studio Version 16
VisualStudioVersion = 16.0.30621.155
MinimumVisualStudioVersion = 10.0.40219.1
Project("{9A19103F-16F7-4668-BE54-9A1E7A4F7556}") = "Ex00", "Ex00\Ex00.csproj", "{154C7A4F-1798-4F55-AC08-938A2F12C92C}"
EndProject
Project("{FAE04EC0-301F-11D3-BF4B-00C04F79EFBC}") = "Ex01", "Ex01\Ex01.csproj", "{D9C9CD31-9657-42E4-B00A-B5A2AFD35479}"
EndProject
Global
	GlobalSection(SolutionConfigurationPlatforms) = preSolution
		Debug|Any CPU = Debug|Any CPU
		Release|Any CPU = Release|Any CPU
	EndGlobalSection
	GlobalSection(ProjectConfigurationPlatforms) = postSolution
		{154C7A4F-1798-4F55-AC08-938A2F12C92C}.Debug|Any CPU.ActiveCfg = Debug|Any CPU
		{154C7A4F-1798-4F55-AC08-938A2F12C92C}.Debug|Any CPU.Build.0 = Debug|Any CPU
		{154C7A4F-1798-4F55-AC08-938A2F12C92C}.Release|Any CPU.ActiveCfg = Release|Any CPU
		{154C7A4F-1798-4F55-AC08-938A2F12C92C}.Release|Any CPU.Build.0 = Release|Any CPU
		{D9C9CD31-9657-42E4-B00A-B5A2AFD35479}.Debug|Any CPU.ActiveCfg = Debug|Any CPU
		{D9C9CD31-9657-42E4-B00A-B5A2AFD35479}.Debug|Any CPU.Build.0 = Debug|Any CPU
		{D9C9CD31-9657-42E4-B00A-B5A2AFD35479}.Release|Any CPU.ActiveCfg = Release|Any CPU
		{D9C9CD31-9657-42E4-B00A-B5A2AFD35479}.Release|Any CPU.Build.0 = Release|Any CPU
	EndGlobalSection
	GlobalSection(SolutionProperties) = preSolution
		HideSolutionNode = FALSE
	EndGlobalSection
	GlobalSection(ExtensibilityGlobals) = postSolution
		SolutionGuid = {2EA56D21-3705-43D4-8A30-43AFC362A2C9}
	EndGlobalSection
EndGlobal
